// !$*UTF8*$!
{
	archiveVersion = 1;
	classes = {
	};
	objectVersion = 77;
	objects = {

/* Begin PBXContainerItemProxy section */
		ADCF76662E596A4B00713BC0 /* PBXContainerItemProxy */ = {
			isa = PBXContainerItemProxy;
			containerPortal = ADCF76502E596A4800713BC0 /* Project object */;
			proxyType = 1;
			remoteGlobalIDString = ADCF76572E596A4800713BC0;
			remoteInfo = "SecHack365-3A";
		};
		ADCF76702E596A4B00713BC0 /* PBXContainerItemProxy */ = {
			isa = PBXContainerItemProxy;
			containerPortal = ADCF76502E596A4800713BC0 /* Project object */;
			proxyType = 1;
			remoteGlobalIDString = ADCF76572E596A4800713BC0;
			remoteInfo = "SecHack365-3A";
		};
/* End PBXContainerItemProxy section */

/* Begin PBXFileReference section */
		ADCF76582E596A4800713BC0 /* SecHack365-3A.app */ = {isa = PBXFileReference; explicitFileType = wrapper.application; includeInIndex = 0; path = "SecHack365-3A.app"; sourceTree = BUILT_PRODUCTS_DIR; };
		ADCF76652E596A4B00713BC0 /* SecHack365-3ATests.xctest */ = {isa = PBXFileReference; explicitFileType = wrapper.cfbundle; includeInIndex = 0; path = "SecHack365-3ATests.xctest"; sourceTree = BUILT_PRODUCTS_DIR; };
		ADCF766F2E596A4B00713BC0 /* SecHack365-3AUITests.xctest */ = {isa = PBXFileReference; explicitFileType = wrapper.cfbundle; includeInIndex = 0; path = "SecHack365-3AUITests.xctest"; sourceTree = BUILT_PRODUCTS_DIR; };
/* End PBXFileReference section */

/* Begin PBXFileSystemSynchronizedRootGroup section */
		ADCF765A2E596A4800713BC0 /* SecHack365-3A */ = {
			isa = PBXFileSystemSynchronizedRootGroup;
			path = "SecHack365-3A";
			sourceTree = "<group>";
		};
		ADCF76682E596A4B00713BC0 /* SecHack365-3ATests */ = {
			isa = PBXFileSystemSynchronizedRootGroup;
			path = "SecHack365-3ATests";
			sourceTree = "<group>";
		};
		ADCF76722E596A4B00713BC0 /* SecHack365-3AUITests */ = {
			isa = PBXFileSystemSynchronizedRootGroup;
			path = "SecHack365-3AUITests";
			sourceTree = "<group>";
		};
/* End PBXFileSystemSynchronizedRootGroup section */

/* Begin PBXFrameworksBuildPhase section */
		ADCF76552E596A4800713BC0 /* Frameworks */ = {
			isa = PBXFrameworksBuildPhase;
			buildActionMask = 2147483647;
			files = (
			);
			runOnlyForDeploymentPostprocessing = 0;
		};
		ADCF76622E596A4B00713BC0 /* Frameworks */ = {
			isa = PBXFrameworksBuildPhase;
			buildActionMask = 2147483647;
			files = (
			);
			runOnlyForDeploymentPostprocessing = 0;
		};
		ADCF766C2E596A4B00713BC0 /* Frameworks */ = {
			isa = PBXFrameworksBuildPhase;
			buildActionMask = 2147483647;
			files = (
			);
			runOnlyForDeploymentPostprocessing = 0;
		};
/* End PBXFrameworksBuildPhase section */

/* Begin PBXGroup section */
		ADCF764F2E596A4800713BC0 = {
			isa = PBXGroup;
			children = (
				ADCF765A2E596A4800713BC0 /* SecHack365-3A */,
				ADCF76682E596A4B00713BC0 /* SecHack365-3ATests */,
				ADCF76722E596A4B00713BC0 /* SecHack365-3AUITests */,
				ADCF76592E596A4800713BC0 /* Products */,
			);
			sourceTree = "<group>";
		};
		ADCF76592E596A4800713BC0 /* Products */ = {
			isa = PBXGroup;
			children = (
				ADCF76582E596A4800713BC0 /* SecHack365-3A.app */,
				ADCF76652E596A4B00713BC0 /* SecHack365-3ATests.xctest */,
				ADCF766F2E596A4B00713BC0 /* SecHack365-3AUITests.xctest */,
			);
			name = Products;
			sourceTree = "<group>";
		};
/* End PBXGroup section */

/* Begin PBXNativeTarget section */
		ADCF76572E596A4800713BC0 /* SecHack365-3A */ = {
			isa = PBXNativeTarget;
			buildConfigurationList = ADCF76792E596A4B00713BC0 /* Build configuration list for PBXNativeTarget "SecHack365-3A" */;
			buildPhases = (
				ADCF76542E596A4800713BC0 /* Sources */,
				ADCF76552E596A4800713BC0 /* Frameworks */,
				ADCF76562E596A4800713BC0 /* Resources */,
			);
			buildRules = (
			);
			dependencies = (
			);
			fileSystemSynchronizedGroups = (
				ADCF765A2E596A4800713BC0 /* SecHack365-3A */,
			);
			name = "SecHack365-3A";
			packageProductDependencies = (
			);
			productName = "SecHack365-3A";
			productReference = ADCF76582E596A4800713BC0 /* SecHack365-3A.app */;
			productType = "com.apple.product-type.application";
		};
		ADCF76642E596A4B00713BC0 /* SecHack365-3ATests */ = {
			isa = PBXNativeTarget;
			buildConfigurationList = ADCF767C2E596A4B00713BC0 /* Build configuration list for PBXNativeTarget "SecHack365-3ATests" */;
			buildPhases = (
				ADCF76612E596A4B00713BC0 /* Sources */,
				ADCF76622E596A4B00713BC0 /* Frameworks */,
				ADCF76632E596A4B00713BC0 /* Resources */,
			);
			buildRules = (
			);
			dependencies = (
				ADCF76672E596A4B00713BC0 /* PBXTargetDependency */,
			);
			fileSystemSynchronizedGroups = (
				ADCF76682E596A4B00713BC0 /* SecHack365-3ATests */,
			);
			name = "SecHack365-3ATests";
			packageProductDependencies = (
			);
			productName = "SecHack365-3ATests";
			productReference = ADCF76652E596A4B00713BC0 /* SecHack365-3ATests.xctest */;
			productType = "com.apple.product-type.bundle.unit-test";
		};
		ADCF766E2E596A4B00713BC0 /* SecHack365-3AUITests */ = {
			isa = PBXNativeTarget;
			buildConfigurationList = ADCF767F2E596A4B00713BC0 /* Build configuration list for PBXNativeTarget "SecHack365-3AUITests" */;
			buildPhases = (
				ADCF766B2E596A4B00713BC0 /* Sources */,
				ADCF766C2E596A4B00713BC0 /* Frameworks */,
				ADCF766D2E596A4B00713BC0 /* Resources */,
			);
			buildRules = (
			);
			dependencies = (
				ADCF76712E596A4B00713BC0 /* PBXTargetDependency */,
			);
			fileSystemSynchronizedGroups = (
				ADCF76722E596A4B00713BC0 /* SecHack365-3AUITests */,
			);
			name = "SecHack365-3AUITests";
			packageProductDependencies = (
			);
			productName = "SecHack365-3AUITests";
			productReference = ADCF766F2E596A4B00713BC0 /* SecHack365-3AUITests.xctest */;
			productType = "com.apple.product-type.bundle.ui-testing";
		};
/* End PBXNativeTarget section */

/* Begin PBXProject section */
		ADCF76502E596A4800713BC0 /* Project object */ = {
			isa = PBXProject;
			attributes = {
				BuildIndependentTargetsInParallel = 1;
				LastSwiftUpdateCheck = 1640;
				LastUpgradeCheck = 1640;
				TargetAttributes = {
					ADCF76572E596A4800713BC0 = {
						CreatedOnToolsVersion = 16.4;
					};
					ADCF76642E596A4B00713BC0 = {
						CreatedOnToolsVersion = 16.4;
						TestTargetID = ADCF76572E596A4800713BC0;
					};
					ADCF766E2E596A4B00713BC0 = {
						CreatedOnToolsVersion = 16.4;
						TestTargetID = ADCF76572E596A4800713BC0;
					};
				};
			};
			buildConfigurationList = ADCF76532E596A4800713BC0 /* Build configuration list for PBXProject "SecHack365-3A" */;
			developmentRegion = en;
			hasScannedForEncodings = 0;
			knownRegions = (
				en,
				Base,
			);
			mainGroup = ADCF764F2E596A4800713BC0;
			minimizedProjectReferenceProxies = 1;
			preferredProjectObjectVersion = 77;
			productRefGroup = ADCF76592E596A4800713BC0 /* Products */;
			projectDirPath = "";
			projectRoot = "";
			targets = (
				ADCF76572E596A4800713BC0 /* SecHack365-3A */,
				ADCF76642E596A4B00713BC0 /* SecHack365-3ATests */,
				ADCF766E2E596A4B00713BC0 /* SecHack365-3AUITests */,
			);
		};
/* End PBXProject section */

/* Begin PBXResourcesBuildPhase section */
		ADCF76562E596A4800713BC0 /* Resources */ = {
			isa = PBXResourcesBuildPhase;
			buildActionMask = 2147483647;
			files = (
			);
			runOnlyForDeploymentPostprocessing = 0;
		};
		ADCF76632E596A4B00713BC0 /* Resources */ = {
			isa = PBXResourcesBuildPhase;
			buildActionMask = 2147483647;
			files = (
			);
			runOnlyForDeploymentPostprocessing = 0;
		};
		ADCF766D2E596A4B00713BC0 /* Resources */ = {
			isa = PBXResourcesBuildPhase;
			buildActionMask = 2147483647;
			files = (
			);
			runOnlyForDeploymentPostprocessing = 0;
		};
/* End PBXResourcesBuildPhase section */

/* Begin PBXSourcesBuildPhase section */
		ADCF76542E596A4800713BC0 /* Sources */ = {
			isa = PBXSourcesBuildPhase;
			buildActionMask = 2147483647;
			files = (
			);
			runOnlyForDeploymentPostprocessing = 0;
		};
		ADCF76612E596A4B00713BC0 /* Sources */ = {
			isa = PBXSourcesBuildPhase;
			buildActionMask = 2147483647;
			files = (
			);
			runOnlyForDeploymentPostprocessing = 0;
		};
		ADCF766B2E596A4B00713BC0 /* Sources */ = {
			isa = PBXSourcesBuildPhase;
			buildActionMask = 2147483647;
			files = (
			);
			runOnlyForDeploymentPostprocessing = 0;
		};
/* End PBXSourcesBuildPhase section */

/* Begin PBXTargetDependency section */
		ADCF76672E596A4B00713BC0 /* PBXTargetDependency */ = {
			isa = PBXTargetDependency;
			target = ADCF76572E596A4800713BC0 /* SecHack365-3A */;
			targetProxy = ADCF76662E596A4B00713BC0 /* PBXContainerItemProxy */;
		};
		ADCF76712E596A4B00713BC0 /* PBXTargetDependency */ = {
			isa = PBXTargetDependency;
			target = ADCF76572E596A4800713BC0 /* SecHack365-3A */;
			targetProxy = ADCF76702E596A4B00713BC0 /* PBXContainerItemProxy */;
		};
/* End PBXTargetDependency section */

/* Begin XCBuildConfiguration section */
		ADCF76772E596A4B00713BC0 /* Debug */ = {
			isa = XCBuildConfiguration;
			buildSettings = {
				ALWAYS_SEARCH_USER_PATHS = NO;
				ASSETCATALOG_COMPILER_GENERATE_SWIFT_ASSET_SYMBOL_EXTENSIONS = YES;
				CLANG_ANALYZER_NONNULL = YES;
				CLANG_ANALYZER_NUMBER_OBJECT_CONVERSION = YES_AGGRESSIVE;
				CLANG_CXX_LANGUAGE_STANDARD = "gnu++20";
				CLANG_ENABLE_MODULES = YES;
				CLANG_ENABLE_OBJC_ARC = YES;
				CLANG_ENABLE_OBJC_WEAK = YES;
				CLANG_WARN_BLOCK_CAPTURE_AUTORELEASING = YES;
				CLANG_WARN_BOOL_CONVERSION = YES;
				CLANG_WARN_COMMA = YES;
				CLANG_WARN_CONSTANT_CONVERSION = YES;
				CLANG_WARN_DEPRECATED_OBJC_IMPLEMENTATIONS = YES;
				CLANG_WARN_DIRECT_OBJC_ISA_USAGE = YES_ERROR;
				CLANG_WARN_DOCUMENTATION_COMMENTS = YES;
				CLANG_WARN_EMPTY_BODY = YES;
				CLANG_WARN_ENUM_CONVERSION = YES;
				CLANG_WARN_INFINITE_RECURSION = YES;
				CLANG_WARN_INT_CONVERSION = YES;
				CLANG_WARN_NON_LITERAL_NULL_CONVERSION = YES;
				CLANG_WARN_OBJC_IMPLICIT_RETAIN_SELF = YES;
				CLANG_WARN_OBJC_LITERAL_CONVERSION = YES;
				CLANG_WARN_OBJC_ROOT_CLASS = YES_ERROR;
				CLANG_WARN_QUOTED_INCLUDE_IN_FRAMEWORK_HEADER = YES;
				CLANG_WARN_RANGE_LOOP_ANALYSIS = YES;
				CLANG_WARN_STRICT_PROTOTYPES = YES;
				CLANG_WARN_SUSPICIOUS_MOVE = YES;
				CLANG_WARN_UNGUARDED_AVAILABILITY = YES_AGGRESSIVE;
				CLANG_WARN_UNREACHABLE_CODE = YES;
				CLANG_WARN__DUPLICATE_METHOD_MATCH = YES;
				COPY_PHASE_STRIP = NO;
				DEBUG_INFORMATION_FORMAT = dwarf;
				ENABLE_STRICT_OBJC_MSGSEND = YES;
				ENABLE_TESTABILITY = YES;
				ENABLE_USER_SCRIPT_SANDBOXING = YES;
				GCC_C_LANGUAGE_STANDARD = gnu17;
				GCC_DYNAMIC_NO_PIC = NO;
				GCC_NO_COMMON_BLOCKS = YES;
				GCC_OPTIMIZATION_LEVEL = 0;
				GCC_PREPROCESSOR_DEFINITIONS = (
					"DEBUG=1",
					"$(inherited)",
				);
				GCC_WARN_64_TO_32_BIT_CONVERSION = YES;
				GCC_WARN_ABOUT_RETURN_TYPE = YES_ERROR;
				GCC_WARN_UNDECLARED_SELECTOR = YES;
				GCC_WARN_UNINITIALIZED_AUTOS = YES_AGGRESSIVE;
				GCC_WARN_UNUSED_FUNCTION = YES;
				GCC_WARN_UNUSED_VARIABLE = YES;
				IPHONEOS_DEPLOYMENT_TARGET = 18.5;
				LOCALIZATION_PREFERS_STRING_CATALOGS = YES;
				MTL_ENABLE_DEBUG_INFO = INCLUDE_SOURCE;
				MTL_FAST_MATH = YES;
				ONLY_ACTIVE_ARCH = YES;
				SDKROOT = iphoneos;
				SWIFT_ACTIVE_COMPILATION_CONDITIONS = "DEBUG $(inherited)";
				SWIFT_OPTIMIZATION_LEVEL = "-Onone";
			};
			name = Debug;
		};
		ADCF76782E596A4B00713BC0 /* Release */ = {
			isa = XCBuildConfiguration;
			buildSettings = {
				ALWAYS_SEARCH_USER_PATHS = NO;
				ASSETCATALOG_COMPILER_GENERATE_SWIFT_ASSET_SYMBOL_EXTENSIONS = YES;
				CLANG_ANALYZER_NONNULL = YES;
				CLANG_ANALYZER_NUMBER_OBJECT_CONVERSION = YES_AGGRESSIVE;
				CLANG_CXX_LANGUAGE_STANDARD = "gnu++20";
				CLANG_ENABLE_MODULES = YES;
				CLANG_ENABLE_OBJC_ARC = YES;
				CLANG_ENABLE_OBJC_WEAK = YES;
				CLANG_WARN_BLOCK_CAPTURE_AUTORELEASING = YES;
				CLANG_WARN_BOOL_CONVERSION = YES;
				CLANG_WARN_COMMA = YES;
				CLANG_WARN_CONSTANT_CONVERSION = YES;
				CLANG_WARN_DEPRECATED_OBJC_IMPLEMENTATIONS = YES;
				CLANG_WARN_DIRECT_OBJC_ISA_USAGE = YES_ERROR;
				CLANG_WARN_DOCUMENTATION_COMMENTS = YES;
				CLANG_WARN_EMPTY_BODY = YES;
				CLANG_WARN_ENUM_CONVERSION = YES;
				CLANG_WARN_INFINITE_RECURSION = YES;
				CLANG_WARN_INT_CONVERSION = YES;
				CLANG_WARN_NON_LITERAL_NULL_CONVERSION = YES;
				CLANG_WARN_OBJC_IMPLICIT_RETAIN_SELF = YES;
				CLANG_WARN_OBJC_LITERAL_CONVERSION = YES;
				CLANG_WARN_OBJC_ROOT_CLASS = YES_ERROR;
				CLANG_WARN_QUOTED_INCLUDE_IN_FRAMEWORK_HEADER = YES;
				CLANG_WARN_RANGE_LOOP_ANALYSIS = YES;
				CLANG_WARN_STRICT_PROTOTYPES = YES;
				CLANG_WARN_SUSPICIOUS_MOVE = YES;
				CLANG_WARN_UNGUARDED_AVAILABILITY = YES_AGGRESSIVE;
				CLANG_WARN_UNREACHABLE_CODE = YES;
				CLANG_WARN__DUPLICATE_METHOD_MATCH = YES;
				COPY_PHASE_STRIP = NO;
				DEBUG_INFORMATION_FORMAT = "dwarf-with-dsym";
				ENABLE_NS_ASSERTIONS = NO;
				ENABLE_STRICT_OBJC_MSGSEND = YES;
				ENABLE_USER_SCRIPT_SANDBOXING = YES;
				GCC_C_LANGUAGE_STANDARD = gnu17;
				GCC_NO_COMMON_BLOCKS = YES;
				GCC_WARN_64_TO_32_BIT_CONVERSION = YES;
				GCC_WARN_ABOUT_RETURN_TYPE = YES_ERROR;
				GCC_WARN_UNDECLARED_SELECTOR = YES;
				GCC_WARN_UNINITIALIZED_AUTOS = YES_AGGRESSIVE;
				GCC_WARN_UNUSED_FUNCTION = YES;
				GCC_WARN_UNUSED_VARIABLE = YES;
				IPHONEOS_DEPLOYMENT_TARGET = 18.5;
				LOCALIZATION_PREFERS_STRING_CATALOGS = YES;
				MTL_ENABLE_DEBUG_INFO = NO;
				MTL_FAST_MATH = YES;
				SDKROOT = iphoneos;
				SWIFT_COMPILATION_MODE = wholemodule;
				VALIDATE_PRODUCT = YES;
			};
			name = Release;
		};
		ADCF767A2E596A4B00713BC0 /* Debug */ = {
			isa = XCBuildConfiguration;
			buildSettings = {
				ASSETCATALOG_COMPILER_APPICON_NAME = AppIcon;
				ASSETCATALOG_COMPILER_GLOBAL_ACCENT_COLOR_NAME = AccentColor;
				CODE_SIGN_STYLE = Automatic;
				CURRENT_PROJECT_VERSION = 1;
				ENABLE_PREVIEWS = YES;
				GENERATE_INFOPLIST_FILE = YES;
				INFOPLIST_KEY_UIApplicationSceneManifest_Generation = YES;
				INFOPLIST_KEY_UIApplicationSupportsIndirectInputEvents = YES;
				INFOPLIST_KEY_UILaunchScreen_Generation = YES;
				INFOPLIST_KEY_UISupportedInterfaceOrientations_iPad = "UIInterfaceOrientationPortrait UIInterfaceOrientationPortraitUpsideDown UIInterfaceOrientationLandscapeLeft UIInterfaceOrientationLandscapeRight";
				INFOPLIST_KEY_UISupportedInterfaceOrientations_iPhone = "UIInterfaceOrientationPortrait UIInterfaceOrientationLandscapeLeft UIInterfaceOrientationLandscapeRight";
				LD_RUNPATH_SEARCH_PATHS = (
					"$(inherited)",
					"@executable_path/Frameworks",
				);
				MARKETING_VERSION = 1.0;
				PRODUCT_BUNDLE_IDENTIFIER = "com.CalAir.SecHack365-3A";
				PRODUCT_NAME = "$(TARGET_NAME)";
				SWIFT_EMIT_LOC_STRINGS = YES;
				SWIFT_VERSION = 5.0;
				TARGETED_DEVICE_FAMILY = "1,2";
			};
			name = Debug;
		};
		ADCF767B2E596A4B00713BC0 /* Release */ = {
			isa = XCBuildConfiguration;
			buildSettings = {
				ASSETCATALOG_COMPILER_APPICON_NAME = AppIcon;
				ASSETCATALOG_COMPILER_GLOBAL_ACCENT_COLOR_NAME = AccentColor;
				CODE_SIGN_STYLE = Automatic;
				CURRENT_PROJECT_VERSION = 1;
				ENABLE_PREVIEWS = YES;
				GENERATE_INFOPLIST_FILE = YES;
				INFOPLIST_KEY_UIApplicationSceneManifest_Generation = YES;
				INFOPLIST_KEY_UIApplicationSupportsIndirectInputEvents = YES;
				INFOPLIST_KEY_UILaunchScreen_Generation = YES;
				INFOPLIST_KEY_UISupportedInterfaceOrientations_iPad = "UIInterfaceOrientationPortrait UIInterfaceOrientationPortraitUpsideDown UIInterfaceOrientationLandscapeLeft UIInterfaceOrientationLandscapeRight";
				INFOPLIST_KEY_UISupportedInterfaceOrientations_iPhone = "UIInterfaceOrientationPortrait UIInterfaceOrientationLandscapeLeft UIInterfaceOrientationLandscapeRight";
				LD_RUNPATH_SEARCH_PATHS = (
					"$(inherited)",
					"@executable_path/Frameworks",
				);
				MARKETING_VERSION = 1.0;
				PRODUCT_BUNDLE_IDENTIFIER = "com.CalAir.SecHack365-3A";
				PRODUCT_NAME = "$(TARGET_NAME)";
				SWIFT_EMIT_LOC_STRINGS = YES;
				SWIFT_VERSION = 5.0;
				TARGETED_DEVICE_FAMILY = "1,2";
			};
			name = Release;
		};
		ADCF767D2E596A4B00713BC0 /* Debug */ = {
			isa = XCBuildConfiguration;
			buildSettings = {
				BUNDLE_LOADER = "$(TEST_HOST)";
				CODE_SIGN_STYLE = Automatic;
				CURRENT_PROJECT_VERSION = 1;
				GENERATE_INFOPLIST_FILE = YES;
				IPHONEOS_DEPLOYMENT_TARGET = 18.5;
				MARKETING_VERSION = 1.0;
				PRODUCT_BUNDLE_IDENTIFIER = "com.CalAir.SecHack365-3ATests";
				PRODUCT_NAME = "$(TARGET_NAME)";
				SWIFT_EMIT_LOC_STRINGS = NO;
				SWIFT_VERSION = 5.0;
				TARGETED_DEVICE_FAMILY = "1,2";
				TEST_HOST = "$(BUILT_PRODUCTS_DIR)/SecHack365-3A.app/$(BUNDLE_EXECUTABLE_FOLDER_PATH)/SecHack365-3A";
			};
			name = Debug;
		};
		ADCF767E2E596A4B00713BC0 /* Release */ = {
			isa = XCBuildConfiguration;
			buildSettings = {
				BUNDLE_LOADER = "$(TEST_HOST)";
				CODE_SIGN_STYLE = Automatic;
				CURRENT_PROJECT_VERSION = 1;
				GENERATE_INFOPLIST_FILE = YES;
				IPHONEOS_DEPLOYMENT_TARGET = 18.5;
				MARKETING_VERSION = 1.0;
				PRODUCT_BUNDLE_IDENTIFIER = "com.CalAir.SecHack365-3ATests";
				PRODUCT_NAME = "$(TARGET_NAME)";
				SWIFT_EMIT_LOC_STRINGS = NO;
				SWIFT_VERSION = 5.0;
				TARGETED_DEVICE_FAMILY = "1,2";
				TEST_HOST = "$(BUILT_PRODUCTS_DIR)/SecHack365-3A.app/$(BUNDLE_EXECUTABLE_FOLDER_PATH)/SecHack365-3A";
			};
			name = Release;
		};
		ADCF76802E596A4B00713BC0 /* Debug */ = {
			isa = XCBuildConfiguration;
			buildSettings = {
				CODE_SIGN_STYLE = Automatic;
				CURRENT_PROJECT_VERSION = 1;
				GENERATE_INFOPLIST_FILE = YES;
				MARKETING_VERSION = 1.0;
				PRODUCT_BUNDLE_IDENTIFIER = "com.CalAir.SecHack365-3AUITests";
				PRODUCT_NAME = "$(TARGET_NAME)";
				SWIFT_EMIT_LOC_STRINGS = NO;
				SWIFT_VERSION = 5.0;
				TARGETED_DEVICE_FAMILY = "1,2";
				TEST_TARGET_NAME = "SecHack365-3A";
			};
			name = Debug;
		};
		ADCF76812E596A4B00713BC0 /* Release */ = {
			isa = XCBuildConfiguration;
			buildSettings = {
				CODE_SIGN_STYLE = Automatic;
				CURRENT_PROJECT_VERSION = 1;
				GENERATE_INFOPLIST_FILE = YES;
				MARKETING_VERSION = 1.0;
				PRODUCT_BUNDLE_IDENTIFIER = "com.CalAir.SecHack365-3AUITests";
				PRODUCT_NAME = "$(TARGET_NAME)";
				SWIFT_EMIT_LOC_STRINGS = NO;
				SWIFT_VERSION = 5.0;
				TARGETED_DEVICE_FAMILY = "1,2";
				TEST_TARGET_NAME = "SecHack365-3A";
			};
			name = Release;
		};
/* End XCBuildConfiguration section */

/* Begin XCConfigurationList section */
		ADCF76532E596A4800713BC0 /* Build configuration list for PBXProject "SecHack365-3A" */ = {
			isa = XCConfigurationList;
			buildConfigurations = (
				ADCF76772E596A4B00713BC0 /* Debug */,
				ADCF76782E596A4B00713BC0 /* Release */,
			);
			defaultConfigurationIsVisible = 0;
			defaultConfigurationName = Release;
		};
		ADCF76792E596A4B00713BC0 /* Build configuration list for PBXNativeTarget "SecHack365-3A" */ = {
			isa = XCConfigurationList;
			buildConfigurations = (
				ADCF767A2E596A4B00713BC0 /* Debug */,
				ADCF767B2E596A4B00713BC0 /* Release */,
			);
			defaultConfigurationIsVisible = 0;
			defaultConfigurationName = Release;
		};
		ADCF767C2E596A4B00713BC0 /* Build configuration list for PBXNativeTarget "SecHack365-3ATests" */ = {
			isa = XCConfigurationList;
			buildConfigurations = (
				ADCF767D2E596A4B00713BC0 /* Debug */,
				ADCF767E2E596A4B00713BC0 /* Release */,
			);
			defaultConfigurationIsVisible = 0;
			defaultConfigurationName = Release;
		};
		ADCF767F2E596A4B00713BC0 /* Build configuration list for PBXNativeTarget "SecHack365-3AUITests" */ = {
			isa = XCConfigurationList;
			buildConfigurations = (
				ADCF76802E596A4B00713BC0 /* Debug */,
				ADCF76812E596A4B00713BC0 /* Release */,
			);
			defaultConfigurationIsVisible = 0;
			defaultConfigurationName = Release;
		};
/* End XCConfigurationList section */
	};
	rootObject = ADCF76502E596A4800713BC0 /* Project object */;
}
